
Microsoft Visual Studio Solution File, Format Version 12.00
# Visual Studio Version 16
VisualStudioVersion = 16.0.29905.134
MinimumVisualStudioVersion = 10.0.40219.1
Project("{2150E333-8FDC-42A3-9474-1A3956D46DE8}") = "src", "src", "{032539A4-C4CC-4548-8E7E-A8623191C724}"
EndProject
Project("{FAE04EC0-301F-11D3-BF4B-00C04F79EFBC}") = "MyBlog.Core", "src\MyBlog.Core\MyBlog.Core.csproj", "{73667D92-113F-4C72-BDFF-56ABD0AD1593}"
EndProject
Project("{FAE04EC0-301F-11D3-BF4B-00C04F79EFBC}") = "MyBlog.DataAccess", "src\MyBlog.DataAccess\MyBlog.DataAccess.csproj", "{C65BE060-3F9A-47E2-A288-2A40D9D5FCD0}"
EndProject
Project("{FAE04EC0-301F-11D3-BF4B-00C04F79EFBC}") = "MyBlog.Entities", "src\MyBlog.Entities\MyBlog.Entities.csproj", "{E318A326-556B-4501-9A37-FF0B95C4334D}"
EndProject
Project("{FAE04EC0-301F-11D3-BF4B-00C04F79EFBC}") = "MyBlog.Application", "src\MyBlog.Application\MyBlog.Application.csproj", "{EDF779E3-3AB1-4498-B79C-92E574D50BF1}"
EndProject
Project("{FAE04EC0-301F-11D3-BF4B-00C04F79EFBC}") = "MyBlog.WebAPI", "src\MyBlog.WebAPI\MyBlog.WebAPI.csproj", "{057CD7EA-8374-4440-9811-2718599E8726}"
EndProject
Global
	GlobalSection(SolutionConfigurationPlatforms) = preSolution
		Debug|Any CPU = Debug|Any CPU
		Release|Any CPU = Release|Any CPU
	EndGlobalSection
	GlobalSection(ProjectConfigurationPlatforms) = postSolution
		{73667D92-113F-4C72-BDFF-56ABD0AD1593}.Debug|Any CPU.ActiveCfg = Debug|Any CPU
		{73667D92-113F-4C72-BDFF-56ABD0AD1593}.Debug|Any CPU.Build.0 = Debug|Any CPU
		{73667D92-113F-4C72-BDFF-56ABD0AD1593}.Release|Any CPU.ActiveCfg = Release|Any CPU
		{73667D92-113F-4C72-BDFF-56ABD0AD1593}.Release|Any CPU.Build.0 = Release|Any CPU
		{C65BE060-3F9A-47E2-A288-2A40D9D5FCD0}.Debug|Any CPU.ActiveCfg = Debug|Any CPU
		{C65BE060-3F9A-47E2-A288-2A40D9D5FCD0}.Debug|Any CPU.Build.0 = Debug|Any CPU
		{C65BE060-3F9A-47E2-A288-2A40D9D5FCD0}.Release|Any CPU.ActiveCfg = Release|Any CPU
		{C65BE060-3F9A-47E2-A288-2A40D9D5FCD0}.Release|Any CPU.Build.0 = Release|Any CPU
		{E318A326-556B-4501-9A37-FF0B95C4334D}.Debug|Any CPU.ActiveCfg = Debug|Any CPU
		{E318A326-556B-4501-9A37-FF0B95C4334D}.Debug|Any CPU.Build.0 = Debug|Any CPU
		{E318A326-556B-4501-9A37-FF0B95C4334D}.Release|Any CPU.ActiveCfg = Release|Any CPU
		{E318A326-556B-4501-9A37-FF0B95C4334D}.Release|Any CPU.Build.0 = Release|Any CPU
		{EDF779E3-3AB1-4498-B79C-92E574D50BF1}.Debug|Any CPU.ActiveCfg = Debug|Any CPU
		{EDF779E3-3AB1-4498-B79C-92E574D50BF1}.Debug|Any CPU.Build.0 = Debug|Any CPU
		{EDF779E3-3AB1-4498-B79C-92E574D50BF1}.Release|Any CPU.ActiveCfg = Release|Any CPU
		{EDF779E3-3AB1-4498-B79C-92E574D50BF1}.Release|Any CPU.Build.0 = Release|Any CPU
		{057CD7EA-8374-4440-9811-2718599E8726}.Debug|Any CPU.ActiveCfg = Debug|Any CPU
		{057CD7EA-8374-4440-9811-2718599E8726}.Debug|Any CPU.Build.0 = Debug|Any CPU
		{057CD7EA-8374-4440-9811-2718599E8726}.Release|Any CPU.ActiveCfg = Release|Any CPU
		{057CD7EA-8374-4440-9811-2718599E8726}.Release|Any CPU.Build.0 = Release|Any CPU
	EndGlobalSection
	GlobalSection(SolutionProperties) = preSolution
		HideSolutionNode = FALSE
	EndGlobalSection
	GlobalSection(NestedProjects) = preSolution
		{73667D92-113F-4C72-BDFF-56ABD0AD1593} = {032539A4-C4CC-4548-8E7E-A8623191C724}
		{C65BE060-3F9A-47E2-A288-2A40D9D5FCD0} = {032539A4-C4CC-4548-8E7E-A8623191C724}
		{E318A326-556B-4501-9A37-FF0B95C4334D} = {032539A4-C4CC-4548-8E7E-A8623191C724}
		{EDF779E3-3AB1-4498-B79C-92E574D50BF1} = {032539A4-C4CC-4548-8E7E-A8623191C724}
		{057CD7EA-8374-4440-9811-2718599E8726} = {032539A4-C4CC-4548-8E7E-A8623191C724}
	EndGlobalSection
	GlobalSection(ExtensibilityGlobals) = postSolution
		SolutionGuid = {61DEF8F7-E3D1-40F4-A7D4-57A2013AEA18}
	EndGlobalSection
EndGlobal
